
Microsoft Visual Studio Solution File, Format Version 12.00
# Visual Studio Version 17
VisualStudioVersion = 17.4.33205.214
MinimumVisualStudioVersion = 10.0.40219.1
Project("{FAE04EC0-301F-11D3-BF4B-00C04F79EFBC}") = "Gigavolt", "Gigavolt\Gigavolt.csproj", "{77E3E4A0-32D2-423E-9014-5AEF2B450F14}"
EndProject
Project("{FAE04EC0-301F-11D3-BF4B-00C04F79EFBC}") = "Gigavolt.Expand", "Gigavolt.Expand\Gigavolt.Expand.csproj", "{27AAF39A-72D9-4836-91CA-181BBEDFD7A0}"
EndProject
Project("{FAE04EC0-301F-11D3-BF4B-00C04F79EFBC}") = "Gigavolt.Helper", "Gigavolt.Helper\Gigavolt.Helper.csproj", "{BF5E7A9F-747E-43E5-901A-297576F627B6}"
EndProject
Project("{9A19103F-16F7-4668-BE54-9A1E7A4F7556}") = "NCalc", "Gigavolt\reference\NCalc2\src\NCalc\NCalc.csproj", "{F3E0F86D-52E4-4B30-9131-A5AE87C9269C}"
EndProject
Project("{FAE04EC0-301F-11D3-BF4B-00C04F79EFBC}") = "XamariNES", "Gigavolt.Expand\reference\XamariNES\XamariNES.csproj", "{5875710C-1FDC-4CC1-9B58-FB6704900075}"
EndProject
Global
	GlobalSection(SolutionConfigurationPlatforms) = preSolution
		Debug|Any CPU = Debug|Any CPU
		Release|Any CPU = Release|Any CPU
	EndGlobalSection
	GlobalSection(ProjectConfigurationPlatforms) = postSolution
		{77E3E4A0-32D2-423E-9014-5AEF2B450F14}.Debug|Any CPU.ActiveCfg = Debug|Any CPU
		{77E3E4A0-32D2-423E-9014-5AEF2B450F14}.Debug|Any CPU.Build.0 = Debug|Any CPU
		{77E3E4A0-32D2-423E-9014-5AEF2B450F14}.Release|Any CPU.ActiveCfg = Release|Any CPU
		{77E3E4A0-32D2-423E-9014-5AEF2B450F14}.Release|Any CPU.Build.0 = Release|Any CPU
		{27AAF39A-72D9-4836-91CA-181BBEDFD7A0}.Debug|Any CPU.ActiveCfg = Debug|Any CPU
		{27AAF39A-72D9-4836-91CA-181BBEDFD7A0}.Debug|Any CPU.Build.0 = Debug|Any CPU
		{27AAF39A-72D9-4836-91CA-181BBEDFD7A0}.Release|Any CPU.ActiveCfg = Release|Any CPU
		{27AAF39A-72D9-4836-91CA-181BBEDFD7A0}.Release|Any CPU.Build.0 = Release|Any CPU
		{BF5E7A9F-747E-43E5-901A-297576F627B6}.Debug|Any CPU.ActiveCfg = Debug|Any CPU
		{BF5E7A9F-747E-43E5-901A-297576F627B6}.Debug|Any CPU.Build.0 = Debug|Any CPU
		{BF5E7A9F-747E-43E5-901A-297576F627B6}.Release|Any CPU.ActiveCfg = Release|Any CPU
		{BF5E7A9F-747E-43E5-901A-297576F627B6}.Release|Any CPU.Build.0 = Release|Any CPU
		{F3E0F86D-52E4-4B30-9131-A5AE87C9269C}.Debug|Any CPU.ActiveCfg = Debug|Any CPU
		{F3E0F86D-52E4-4B30-9131-A5AE87C9269C}.Debug|Any CPU.Build.0 = Debug|Any CPU
		{F3E0F86D-52E4-4B30-9131-A5AE87C9269C}.Release|Any CPU.ActiveCfg = Release|Any CPU
		{F3E0F86D-52E4-4B30-9131-A5AE87C9269C}.Release|Any CPU.Build.0 = Release|Any CPU
		{5875710C-1FDC-4CC1-9B58-FB6704900075}.Debug|Any CPU.ActiveCfg = Debug|Any CPU
		{5875710C-1FDC-4CC1-9B58-FB6704900075}.Debug|Any CPU.Build.0 = Debug|Any CPU
		{5875710C-1FDC-4CC1-9B58-FB6704900075}.Release|Any CPU.ActiveCfg = Release|Any CPU
		{5875710C-1FDC-4CC1-9B58-FB6704900075}.Release|Any CPU.Build.0 = Release|Any CPU
	EndGlobalSection
	GlobalSection(SolutionProperties) = preSolution
		HideSolutionNode = FALSE
	EndGlobalSection
	GlobalSection(ExtensibilityGlobals) = postSolution
		SolutionGuid = {0C507433-BD8A-44AA-903C-F1BE885A41B1}
	EndGlobalSection
EndGlobal
